
Microsoft Visual Studio Solution File, Format Version 12.00
# Visual Studio Version 17
VisualStudioVersion = 17.6.33723.286
MinimumVisualStudioVersion = 10.0.40219.1
Project("{F184B08F-C81C-45F6-A57F-5ABD9991F28F}") = "ScanEmployee_report", "ScanEmployee_report\ScanEmployee_report.vbproj", "{4826F36A-8060-47EB-A9D2-79588D919E4C}"
EndProject
Global
	GlobalSection(SolutionConfigurationPlatforms) = preSolution
		Debug|Any CPU = Debug|Any CPU
		Release|Any CPU = Release|Any CPU
	EndGlobalSection
	GlobalSection(ProjectConfigurationPlatforms) = postSolution
		{4826F36A-8060-47EB-A9D2-79588D919E4C}.Debug|Any CPU.ActiveCfg = Debug|Any CPU
		{4826F36A-8060-47EB-A9D2-79588D919E4C}.Debug|Any CPU.Build.0 = Debug|Any CPU
		{4826F36A-8060-47EB-A9D2-79588D919E4C}.Release|Any CPU.ActiveCfg = Release|Any CPU
		{4826F36A-8060-47EB-A9D2-79588D919E4C}.Release|Any CPU.Build.0 = Release|Any CPU
	EndGlobalSection
	GlobalSection(SolutionProperties) = preSolution
		HideSolutionNode = FALSE
	EndGlobalSection
	GlobalSection(ExtensibilityGlobals) = postSolution
		SolutionGuid = {E6D6F32F-070F-4AB4-A2DA-31D2E05B7E6A}
	EndGlobalSection
EndGlobal
